// !$*UTF8*$!
{
	archiveVersion = 1;
	classes = {
	};
	objectVersion = 46;
	objects = {

/* Begin PBXBuildFile section */
		7B163A1B1DACBAA400696280 /* main.m in Sources */ = {isa = PBXBuildFile; fileRef = 7B163A1A1DACBAA400696280 /* main.m */; };
		7B163A1E1DACBAA400696280 /* AppDelegate.m in Sources */ = {isa = PBXBuildFile; fileRef = 7B163A1D1DACBAA400696280 /* AppDelegate.m */; };
		7B163A211DACBAA400696280 /* ViewController.m in Sources */ = {isa = PBXBuildFile; fileRef = 7B163A201DACBAA400696280 /* ViewController.m */; };
		7B163A241DACBAA400696280 /* Main.storyboard in Resources */ = {isa = PBXBuildFile; fileRef = 7B163A221DACBAA400696280 /* Main.storyboard */; };
		7B163A261DACBAA400696280 /* Assets.xcassets in Resources */ = {isa = PBXBuildFile; fileRef = 7B163A251DACBAA400696280 /* Assets.xcassets */; };
		7B163A291DACBAA400696280 /* LaunchScreen.storyboard in Resources */ = {isa = PBXBuildFile; fileRef = 7B163A271DACBAA400696280 /* LaunchScreen.storyboard */; };
		7B163A341DACBAA400696280 /* HPAutoLayout_demoTests.m in Sources */ = {isa = PBXBuildFile; fileRef = 7B163A331DACBAA400696280 /* HPAutoLayout_demoTests.m */; };
		7B163A3F1DACBAA400696280 /* HPAutoLayout_demoUITests.m in Sources */ = {isa = PBXBuildFile; fileRef = 7B163A3E1DACBAA400696280 /* HPAutoLayout_demoUITests.m */; };
		7B163A511DACBAD200696280 /* AutoLayoutObject.m in Sources */ = {isa = PBXBuildFile; fileRef = 7B163A4E1DACBAD200696280 /* AutoLayoutObject.m */; };
		7B163A521DACBAD200696280 /* UIView+AutoLayout.m in Sources */ = {isa = PBXBuildFile; fileRef = 7B163A501DACBAD200696280 /* UIView+AutoLayout.m */; };
/* End PBXBuildFile section */

/* Begin PBXContainerItemProxy section */
		7B163A301DACBAA400696280 /* PBXContainerItemProxy */ = {
			isa = PBXContainerItemProxy;
			containerPortal = 7B163A0E1DACBAA400696280 /* Project object */;
			proxyType = 1;
			remoteGlobalIDString = 7B163A151DACBAA400696280;
			remoteInfo = HPAutoLayout_demo;
		};
		7B163A3B1DACBAA400696280 /* PBXContainerItemProxy */ = {
			isa = PBXContainerItemProxy;
			containerPortal = 7B163A0E1DACBAA400696280 /* Project object */;
			proxyType = 1;
			remoteGlobalIDString = 7B163A151DACBAA400696280;
			remoteInfo = HPAutoLayout_demo;
		};
/* End PBXContainerItemProxy section */

/* Begin PBXFileReference section */
		7B163A161DACBAA400696280 /* HPAutoLayout_demo.app */ = {isa = PBXFileReference; explicitFileType = wrapper.application; includeInIndex = 0; path = HPAutoLayout_demo.app; sourceTree = BUILT_PRODUCTS_DIR; };
		7B163A1A1DACBAA400696280 /* main.m */ = {isa = PBXFileReference; lastKnownFileType = sourcecode.c.objc; path = main.m; sourceTree = "<group>"; };
		7B163A1C1DACBAA400696280 /* AppDelegate.h */ = {isa = PBXFileReference; lastKnownFileType = sourcecode.c.h; path = AppDelegate.h; sourceTree = "<group>"; };
		7B163A1D1DACBAA400696280 /* AppDelegate.m */ = {isa = PBXFileReference; lastKnownFileType = sourcecode.c.objc; path = AppDelegate.m; sourceTree = "<group>"; };
		7B163A1F1DACBAA400696280 /* ViewController.h */ = {isa = PBXFileReference; lastKnownFileType = sourcecode.c.h; path = ViewController.h; sourceTree = "<group>"; };
		7B163A201DACBAA400696280 /* ViewController.m */ = {isa = PBXFileReference; lastKnownFileType = sourcecode.c.objc; path = ViewController.m; sourceTree = "<group>"; };
		7B163A231DACBAA400696280 /* Base */ = {isa = PBXFileReference; lastKnownFileType = file.storyboard; name = Base; path = Base.lproj/Main.storyboard; sourceTree = "<group>"; };
		7B163A251DACBAA400696280 /* Assets.xcassets */ = {isa = PBXFileReference; lastKnownFileType = folder.assetcatalog; path = Assets.xcassets; sourceTree = "<group>"; };
		7B163A281DACBAA400696280 /* Base */ = {isa = PBXFileReference; lastKnownFileType = file.storyboard; name = Base; path = Base.lproj/LaunchScreen.storyboard; sourceTree = "<group>"; };
		7B163A2A1DACBAA400696280 /* Info.plist */ = {isa = PBXFileReference; lastKnownFileType = text.plist.xml; path = Info.plist; sourceTree = "<group>"; };
		7B163A2F1DACBAA400696280 /* HPAutoLayout_demoTests.xctest */ = {isa = PBXFileReference; explicitFileType = wrapper.cfbundle; includeInIndex = 0; path = HPAutoLayout_demoTests.xctest; sourceTree = BUILT_PRODUCTS_DIR; };
		7B163A331DACBAA400696280 /* HPAutoLayout_demoTests.m */ = {isa = PBXFileReference; lastKnownFileType = sourcecode.c.objc; path = HPAutoLayout_demoTests.m; sourceTree = "<group>"; };
		7B163A351DACBAA400696280 /* Info.plist */ = {isa = PBXFileReference; lastKnownFileType = text.plist.xml; path = Info.plist; sourceTree = "<group>"; };
		7B163A3A1DACBAA400696280 /* HPAutoLayout_demoUITests.xctest */ = {isa = PBXFileReference; explicitFileType = wrapper.cfbundle; includeInIndex = 0; path = HPAutoLayout_demoUITests.xctest; sourceTree = BUILT_PRODUCTS_DIR; };
		7B163A3E1DACBAA400696280 /* HPAutoLayout_demoUITests.m */ = {isa = PBXFileReference; lastKnownFileType = sourcecode.c.objc; path = HPAutoLayout_demoUITests.m; sourceTree = "<group>"; };
		7B163A401DACBAA400696280 /* Info.plist */ = {isa = PBXFileReference; lastKnownFileType = text.plist.xml; path = Info.plist; sourceTree = "<group>"; };
		7B163A4D1DACBAD200696280 /* AutoLayoutObject.h */ = {isa = PBXFileReference; fileEncoding = 4; lastKnownFileType = sourcecode.c.h; path = AutoLayoutObject.h; sourceTree = "<group>"; };
		7B163A4E1DACBAD200696280 /* AutoLayoutObject.m */ = {isa = PBXFileReference; fileEncoding = 4; lastKnownFileType = sourcecode.c.objc; path = AutoLayoutObject.m; sourceTree = "<group>"; };
		7B163A4F1DACBAD200696280 /* UIView+AutoLayout.h */ = {isa = PBXFileReference; fileEncoding = 4; lastKnownFileType = sourcecode.c.h; path = "UIView+AutoLayout.h"; sourceTree = "<group>"; };
		7B163A501DACBAD200696280 /* UIView+AutoLayout.m */ = {isa = PBXFileReference; fileEncoding = 4; lastKnownFileType = sourcecode.c.objc; path = "UIView+AutoLayout.m"; sourceTree = "<group>"; };
		7B163A531DACBB0700696280 /* HPAutoLayout.h */ = {isa = PBXFileReference; fileEncoding = 4; lastKnownFileType = sourcecode.c.h; path = HPAutoLayout.h; sourceTree = "<group>"; };
/* End PBXFileReference section */

/* Begin PBXFrameworksBuildPhase section */
		7B163A131DACBAA400696280 /* Frameworks */ = {
			isa = PBXFrameworksBuildPhase;
			buildActionMask = 2147483647;
			files = (
			);
			runOnlyForDeploymentPostprocessing = 0;
		};
		7B163A2C1DACBAA400696280 /* Frameworks */ = {
			isa = PBXFrameworksBuildPhase;
			buildActionMask = 2147483647;
			files = (
			);
			runOnlyForDeploymentPostprocessing = 0;
		};
		7B163A371DACBAA400696280 /* Frameworks */ = {
			isa = PBXFrameworksBuildPhase;
			buildActionMask = 2147483647;
			files = (
			);
			runOnlyForDeploymentPostprocessing = 0;
		};
/* End PBXFrameworksBuildPhase section */

/* Begin PBXGroup section */
		7B163A0D1DACBAA400696280 = {
			isa = PBXGroup;
			children = (
				7B163A181DACBAA400696280 /* HPAutoLayout_demo */,
				7B163A321DACBAA400696280 /* HPAutoLayout_demoTests */,
				7B163A3D1DACBAA400696280 /* HPAutoLayout_demoUITests */,
				7B163A171DACBAA400696280 /* Products */,
			);
			sourceTree = "<group>";
		};
		7B163A171DACBAA400696280 /* Products */ = {
			isa = PBXGroup;
			children = (
				7B163A161DACBAA400696280 /* HPAutoLayout_demo.app */,
				7B163A2F1DACBAA400696280 /* HPAutoLayout_demoTests.xctest */,
				7B163A3A1DACBAA400696280 /* HPAutoLayout_demoUITests.xctest */,
			);
			name = Products;
			sourceTree = "<group>";
		};
		7B163A181DACBAA400696280 /* HPAutoLayout_demo */ = {
			isa = PBXGroup;
			children = (
				7B163A1C1DACBAA400696280 /* AppDelegate.h */,
				7B163A1D1DACBAA400696280 /* AppDelegate.m */,
				7B163A4C1DACBAB800696280 /* HPAutoLayout */,
				7B163A1F1DACBAA400696280 /* ViewController.h */,
				7B163A201DACBAA400696280 /* ViewController.m */,
				7B163A221DACBAA400696280 /* Main.storyboard */,
				7B163A251DACBAA400696280 /* Assets.xcassets */,
				7B163A271DACBAA400696280 /* LaunchScreen.storyboard */,
				7B163A2A1DACBAA400696280 /* Info.plist */,
				7B163A191DACBAA400696280 /* Supporting Files */,
			);
			path = HPAutoLayout_demo;
			sourceTree = "<group>";
		};
		7B163A191DACBAA400696280 /* Supporting Files */ = {
			isa = PBXGroup;
			children = (
				7B163A1A1DACBAA400696280 /* main.m */,
			);
			name = "Supporting Files";
			sourceTree = "<group>";
		};
		7B163A321DACBAA400696280 /* HPAutoLayout_demoTests */ = {
			isa = PBXGroup;
			children = (
				7B163A331DACBAA400696280 /* HPAutoLayout_demoTests.m */,
				7B163A351DACBAA400696280 /* Info.plist */,
			);
			path = HPAutoLayout_demoTests;
			sourceTree = "<group>";
		};
		7B163A3D1DACBAA400696280 /* HPAutoLayout_demoUITests */ = {
			isa = PBXGroup;
			children = (
				7B163A3E1DACBAA400696280 /* HPAutoLayout_demoUITests.m */,
				7B163A401DACBAA400696280 /* Info.plist */,
			);
			path = HPAutoLayout_demoUITests;
			sourceTree = "<group>";
		};
		7B163A4C1DACBAB800696280 /* HPAutoLayout */ = {
			isa = PBXGroup;
			children = (
				7B163A4D1DACBAD200696280 /* AutoLayoutObject.h */,
				7B163A4E1DACBAD200696280 /* AutoLayoutObject.m */,
				7B163A4F1DACBAD200696280 /* UIView+AutoLayout.h */,
				7B163A501DACBAD200696280 /* UIView+AutoLayout.m */,
				7B163A531DACBB0700696280 /* HPAutoLayout.h */,
			);
			name = HPAutoLayout;
			sourceTree = "<group>";
		};
/* End PBXGroup section */

/* Begin PBXNativeTarget section */
		7B163A151DACBAA400696280 /* HPAutoLayout_demo */ = {
			isa = PBXNativeTarget;
			buildConfigurationList = 7B163A431DACBAA400696280 /* Build configuration list for PBXNativeTarget "HPAutoLayout_demo" */;
			buildPhases = (
				7B163A121DACBAA400696280 /* Sources */,
				7B163A131DACBAA400696280 /* Frameworks */,
				7B163A141DACBAA400696280 /* Resources */,
			);
			buildRules = (
			);
			dependencies = (
			);
			name = HPAutoLayout_demo;
			productName = HPAutoLayout_demo;
			productReference = 7B163A161DACBAA400696280 /* HPAutoLayout_demo.app */;
			productType = "com.apple.product-type.application";
		};
		7B163A2E1DACBAA400696280 /* HPAutoLayout_demoTests */ = {
			isa = PBXNativeTarget;
			buildConfigurationList = 7B163A461DACBAA400696280 /* Build configuration list for PBXNativeTarget "HPAutoLayout_demoTests" */;
			buildPhases = (
				7B163A2B1DACBAA400696280 /* Sources */,
				7B163A2C1DACBAA400696280 /* Frameworks */,
				7B163A2D1DACBAA400696280 /* Resources */,
			);
			buildRules = (
			);
			dependencies = (
				7B163A311DACBAA400696280 /* PBXTargetDependency */,
			);
			name = HPAutoLayout_demoTests;
			productName = HPAutoLayout_demoTests;
			productReference = 7B163A2F1DACBAA400696280 /* HPAutoLayout_demoTests.xctest */;
			productType = "com.apple.product-type.bundle.unit-test";
		};
		7B163A391DACBAA400696280 /* HPAutoLayout_demoUITests */ = {
			isa = PBXNativeTarget;
			buildConfigurationList = 7B163A491DACBAA400696280 /* Build configuration list for PBXNativeTarget "HPAutoLayout_demoUITests" */;
			buildPhases = (
				7B163A361DACBAA400696280 /* Sources */,
				7B163A371DACBAA400696280 /* Frameworks */,
				7B163A381DACBAA400696280 /* Resources */,
			);
			buildRules = (
			);
			dependencies = (
				7B163A3C1DACBAA400696280 /* PBXTargetDependency */,
			);
			name = HPAutoLayout_demoUITests;
			productName = HPAutoLayout_demoUITests;
			productReference = 7B163A3A1DACBAA400696280 /* HPAutoLayout_demoUITests.xctest */;
			productType = "com.apple.product-type.bundle.ui-testing";
		};
/* End PBXNativeTarget section */

/* Begin PBXProject section */
		7B163A0E1DACBAA400696280 /* Project object */ = {
			isa = PBXProject;
			attributes = {
				LastUpgradeCheck = 0800;
				ORGANIZATIONNAME = Haipeng;
				TargetAttributes = {
					7B163A151DACBAA400696280 = {
						CreatedOnToolsVersion = 8.0;
						ProvisioningStyle = Automatic;
					};
					7B163A2E1DACBAA400696280 = {
						CreatedOnToolsVersion = 8.0;
						ProvisioningStyle = Automatic;
						TestTargetID = 7B163A151DACBAA400696280;
					};
					7B163A391DACBAA400696280 = {
						CreatedOnToolsVersion = 8.0;
						ProvisioningStyle = Automatic;
						TestTargetID = 7B163A151DACBAA400696280;
					};
				};
			};
			buildConfigurationList = 7B163A111DACBAA400696280 /* Build configuration list for PBXProject "HPAutoLayout_demo" */;
			compatibilityVersion = "Xcode 3.2";
			developmentRegion = English;
			hasScannedForEncodings = 0;
			knownRegions = (
				en,
				Base,
			);
			mainGroup = 7B163A0D1DACBAA400696280;
			productRefGroup = 7B163A171DACBAA400696280 /* Products */;
			projectDirPath = "";
			projectRoot = "";
			targets = (
				7B163A151DACBAA400696280 /* HPAutoLayout_demo */,
				7B163A2E1DACBAA400696280 /* HPAutoLayout_demoTests */,
				7B163A391DACBAA400696280 /* HPAutoLayout_demoUITests */,
			);
		};
/* End PBXProject section */

/* Begin PBXResourcesBuildPhase section */
		7B163A141DACBAA400696280 /* Resources */ = {
			isa = PBXResourcesBuildPhase;
			buildActionMask = 2147483647;
			files = (
				7B163A291DACBAA400696280 /* LaunchScreen.storyboard in Resources */,
				7B163A261DACBAA400696280 /* Assets.xcassets in Resources */,
				7B163A241DACBAA400696280 /* Main.storyboard in Resources */,
			);
			runOnlyForDeploymentPostprocessing = 0;
		};
		7B163A2D1DACBAA400696280 /* Resources */ = {
			isa = PBXResourcesBuildPhase;
			buildActionMask = 2147483647;
			files = (
			);
			runOnlyForDeploymentPostprocessing = 0;
		};
		7B163A381DACBAA400696280 /* Resources */ = {
			isa = PBXResourcesBuildPhase;
			buildActionMask = 2147483647;
			files = (
			);
			runOnlyForDeploymentPostprocessing = 0;
		};
/* End PBXResourcesBuildPhase section */

/* Begin PBXSourcesBuildPhase section */
		7B163A121DACBAA400696280 /* Sources */ = {
			isa = PBXSourcesBuildPhase;
			buildActionMask = 2147483647;
			files = (
				7B163A521DACBAD200696280 /* UIView+AutoLayout.m in Sources */,
				7B163A211DACBAA400696280 /* ViewController.m in Sources */,
				7B163A1E1DACBAA400696280 /* AppDelegate.m in Sources */,
				7B163A1B1DACBAA400696280 /* main.m in Sources */,
				7B163A511DACBAD200696280 /* AutoLayoutObject.m in Sources */,
			);
			runOnlyForDeploymentPostprocessing = 0;
		};
		7B163A2B1DACBAA400696280 /* Sources */ = {
			isa = PBXSourcesBuildPhase;
			buildActionMask = 2147483647;
			files = (
				7B163A341DACBAA400696280 /* HPAutoLayout_demoTests.m in Sources */,
			);
			runOnlyForDeploymentPostprocessing = 0;
		};
		7B163A361DACBAA400696280 /* Sources */ = {
			isa = PBXSourcesBuildPhase;
			buildActionMask = 2147483647;
			files = (
				7B163A3F1DACBAA400696280 /* HPAutoLayout_demoUITests.m in Sources */,
			);
			runOnlyForDeploymentPostprocessing = 0;
		};
/* End PBXSourcesBuildPhase section */

/* Begin PBXTargetDependency section */
		7B163A311DACBAA400696280 /* PBXTargetDependency */ = {
			isa = PBXTargetDependency;
			target = 7B163A151DACBAA400696280 /* HPAutoLayout_demo */;
			targetProxy = 7B163A301DACBAA400696280 /* PBXContainerItemProxy */;
		};
		7B163A3C1DACBAA400696280 /* PBXTargetDependency */ = {
			isa = PBXTargetDependency;
			target = 7B163A151DACBAA400696280 /* HPAutoLayout_demo */;
			targetProxy = 7B163A3B1DACBAA400696280 /* PBXContainerItemProxy */;
		};
/* End PBXTargetDependency section */

/* Begin PBXVariantGroup section */
		7B163A221DACBAA400696280 /* Main.storyboard */ = {
			isa = PBXVariantGroup;
			children = (
				7B163A231DACBAA400696280 /* Base */,
			);
			name = Main.storyboard;
			sourceTree = "<group>";
		};
		7B163A271DACBAA400696280 /* LaunchScreen.storyboard */ = {
			isa = PBXVariantGroup;
			children = (
				7B163A281DACBAA400696280 /* Base */,
			);
			name = LaunchScreen.storyboard;
			sourceTree = "<group>";
		};
/* End PBXVariantGroup section */

/* Begin XCBuildConfiguration section */
		7B163A411DACBAA400696280 /* Debug */ = {
			isa = XCBuildConfiguration;
			buildSettings = {
				ALWAYS_SEARCH_USER_PATHS = NO;
				CLANG_ANALYZER_NONNULL = YES;
				CLANG_CXX_LANGUAGE_STANDARD = "gnu++0x";
				CLANG_CXX_LIBRARY = "libc++";
				CLANG_ENABLE_MODULES = YES;
				CLANG_ENABLE_OBJC_ARC = YES;
				CLANG_WARN_BOOL_CONVERSION = YES;
				CLANG_WARN_CONSTANT_CONVERSION = YES;
				CLANG_WARN_DIRECT_OBJC_ISA_USAGE = YES_ERROR;
				CLANG_WARN_DOCUMENTATION_COMMENTS = YES;
				CLANG_WARN_EMPTY_BODY = YES;
				CLANG_WARN_ENUM_CONVERSION = YES;
				CLANG_WARN_INFINITE_RECURSION = YES;
				CLANG_WARN_INT_CONVERSION = YES;
				CLANG_WARN_OBJC_ROOT_CLASS = YES_ERROR;
				CLANG_WARN_SUSPICIOUS_MOVES = YES;
				CLANG_WARN_UNREACHABLE_CODE = YES;
				CLANG_WARN__DUPLICATE_METHOD_MATCH = YES;
				"CODE_SIGN_IDENTITY[sdk=iphoneos*]" = "iPhone Developer";
				COPY_PHASE_STRIP = NO;
				DEBUG_INFORMATION_FORMAT = dwarf;
				ENABLE_STRICT_OBJC_MSGSEND = YES;
				ENABLE_TESTABILITY = YES;
				GCC_C_LANGUAGE_STANDARD = gnu99;
				GCC_DYNAMIC_NO_PIC = NO;
				GCC_NO_COMMON_BLOCKS = YES;
				GCC_OPTIMIZATION_LEVEL = 0;
				GCC_PREPROCESSOR_DEFINITIONS = (
					"DEBUG=1",
					"$(inherited)",
				);
				GCC_WARN_64_TO_32_BIT_CONVERSION = YES;
				GCC_WARN_ABOUT_RETURN_TYPE = YES_ERROR;
				GCC_WARN_UNDECLARED_SELECTOR = YES;
				GCC_WARN_UNINITIALIZED_AUTOS = YES_AGGRESSIVE;
				GCC_WARN_UNUSED_FUNCTION = YES;
				GCC_WARN_UNUSED_VARIABLE = YES;
				IPHONEOS_DEPLOYMENT_TARGET = 10.0;
				MTL_ENABLE_DEBUG_INFO = YES;
				ONLY_ACTIVE_ARCH = YES;
				SDKROOT = iphoneos;
				TARGETED_DEVICE_FAMILY = "1,2";
			};
			name = Debug;
		};
		7B163A421DACBAA400696280 /* Release */ = {
			isa = XCBuildConfiguration;
			buildSettings = {
				ALWAYS_SEARCH_USER_PATHS = NO;
				CLANG_ANALYZER_NONNULL = YES;
				CLANG_CXX_LANGUAGE_STANDARD = "gnu++0x";
				CLANG_CXX_LIBRARY = "libc++";
				CLANG_ENABLE_MODULES = YES;
				CLANG_ENABLE_OBJC_ARC = YES;
				CLANG_WARN_BOOL_CONVERSION = YES;
				CLANG_WARN_CONSTANT_CONVERSION = YES;
				CLANG_WARN_DIRECT_OBJC_ISA_USAGE = YES_ERROR;
				CLANG_WARN_DOCUMENTATION_COMMENTS = YES;
				CLANG_WARN_EMPTY_BODY = YES;
				CLANG_WARN_ENUM_CONVERSION = YES;
				CLANG_WARN_INFINITE_RECURSION = YES;
				CLANG_WARN_INT_CONVERSION = YES;
				CLANG_WARN_OBJC_ROOT_CLASS = YES_ERROR;
				CLANG_WARN_SUSPICIOUS_MOVES = YES;
				CLANG_WARN_UNREACHABLE_CODE = YES;
				CLANG_WARN__DUPLICATE_METHOD_MATCH = YES;
				"CODE_SIGN_IDENTITY[sdk=iphoneos*]" = "iPhone Developer";
				COPY_PHASE_STRIP = NO;
				DEBUG_INFORMATION_FORMAT = "dwarf-with-dsym";
				ENABLE_NS_ASSERTIONS = NO;
				ENABLE_STRICT_OBJC_MSGSEND = YES;
				GCC_C_LANGUAGE_STANDARD = gnu99;
				GCC_NO_COMMON_BLOCKS = YES;
				GCC_WARN_64_TO_32_BIT_CONVERSION = YES;
				GCC_WARN_ABOUT_RETURN_TYPE = YES_ERROR;
				GCC_WARN_UNDECLARED_SELECTOR = YES;
				GCC_WARN_UNINITIALIZED_AUTOS = YES_AGGRESSIVE;
				GCC_WARN_UNUSED_FUNCTION = YES;
				GCC_WARN_UNUSED_VARIABLE = YES;
				IPHONEOS_DEPLOYMENT_TARGET = 10.0;
				MTL_ENABLE_DEBUG_INFO = NO;
				SDKROOT = iphoneos;
				TARGETED_DEVICE_FAMILY = "1,2";
				VALIDATE_PRODUCT = YES;
			};
			name = Release;
		};
		7B163A441DACBAA400696280 /* Debug */ = {
			isa = XCBuildConfiguration;
			buildSettings = {
				ASSETCATALOG_COMPILER_APPICON_NAME = AppIcon;
				INFOPLIST_FILE = HPAutoLayout_demo/Info.plist;
				LD_RUNPATH_SEARCH_PATHS = "$(inherited) @executable_path/Frameworks";
				PRODUCT_BUNDLE_IDENTIFIER = "com.Haipemg.HPAutoLayout-demo";
				PRODUCT_NAME = "$(TARGET_NAME)";
			};
			name = Debug;
		};
		7B163A451DACBAA400696280 /* Release */ = {
			isa = XCBuildConfiguration;
			buildSettings = {
				ASSETCATALOG_COMPILER_APPICON_NAME = AppIcon;
				INFOPLIST_FILE = HPAutoLayout_demo/Info.plist;
				LD_RUNPATH_SEARCH_PATHS = "$(inherited) @executable_path/Frameworks";
				PRODUCT_BUNDLE_IDENTIFIER = "com.Haipemg.HPAutoLayout-demo";
				PRODUCT_NAME = "$(TARGET_NAME)";
			};
			name = Release;
		};
		7B163A471DACBAA400696280 /* Debug */ = {
			isa = XCBuildConfiguration;
			buildSettings = {
				BUNDLE_LOADER = "$(TEST_HOST)";
				INFOPLIST_FILE = HPAutoLayout_demoTests/Info.plist;
				LD_RUNPATH_SEARCH_PATHS = "$(inherited) @executable_path/Frameworks @loader_path/Frameworks";
				PRODUCT_BUNDLE_IDENTIFIER = "com.Haipemg.HPAutoLayout-demoTests";
				PRODUCT_NAME = "$(TARGET_NAME)";
				TEST_HOST = "$(BUILT_PRODUCTS_DIR)/HPAutoLayout_demo.app/HPAutoLayout_demo";
			};
			name = Debug;
		};
		7B163A481DACBAA400696280 /* Release */ = {
			isa = XCBuildConfiguration;
			buildSettings = {
				BUNDLE_LOADER = "$(TEST_HOST)";
				INFOPLIST_FILE = HPAutoLayout_demoTests/Info.plist;
				LD_RUNPATH_SEARCH_PATHS = "$(inherited) @executable_path/Frameworks @loader_path/Frameworks";
				PRODUCT_BUNDLE_IDENTIFIER = "com.Haipemg.HPAutoLayout-demoTests";
				PRODUCT_NAME = "$(TARGET_NAME)";
				TEST_HOST = "$(BUILT_PRODUCTS_DIR)/HPAutoLayout_demo.app/HPAutoLayout_demo";
			};
			name = Release;
		};
		7B163A4A1DACBAA400696280 /* Debug */ = {
			isa = XCBuildConfiguration;
			buildSettings = {
				INFOPLIST_FILE = HPAutoLayout_demoUITests/Info.plist;
				LD_RUNPATH_SEARCH_PATHS = "$(inherited) @executable_path/Frameworks @loader_path/Frameworks";
				PRODUCT_BUNDLE_IDENTIFIER = "com.Haipemg.HPAutoLayout-demoUITests";
				PRODUCT_NAME = "$(TARGET_NAME)";
				TEST_TARGET_NAME = HPAutoLayout_demo;
			};
			name = Debug;
		};
		7B163A4B1DACBAA400696280 /* Release */ = {
			isa = XCBuildConfiguration;
			buildSettings = {
				INFOPLIST_FILE = HPAutoLayout_demoUITests/Info.plist;
				LD_RUNPATH_SEARCH_PATHS = "$(inherited) @executable_path/Frameworks @loader_path/Frameworks";
				PRODUCT_BUNDLE_IDENTIFIER = "com.Haipemg.HPAutoLayout-demoUITests";
				PRODUCT_NAME = "$(TARGET_NAME)";
				TEST_TARGET_NAME = HPAutoLayout_demo;
			};
			name = Release;
		};
/* End XCBuildConfiguration section */

/* Begin XCConfigurationList section */
		7B163A111DACBAA400696280 /* Build configuration list for PBXProject "HPAutoLayout_demo" */ = {
			isa = XCConfigurationList;
			buildConfigurations = (
				7B163A411DACBAA400696280 /* Debug */,
				7B163A421DACBAA400696280 /* Release */,
			);
			defaultConfigurationIsVisible = 0;
			defaultConfigurationName = Release;
		};
		7B163A431DACBAA400696280 /* Build configuration list for PBXNativeTarget "HPAutoLayout_demo" */ = {
			isa = XCConfigurationList;
			buildConfigurations = (
				7B163A441DACBAA400696280 /* Debug */,
				7B163A451DACBAA400696280 /* Release */,
			);
			defaultConfigurationIsVisible = 0;
		};
		7B163A461DACBAA400696280 /* Build configuration list for PBXNativeTarget "HPAutoLayout_demoTests" */ = {
			isa = XCConfigurationList;
			buildConfigurations = (
				7B163A471DACBAA400696280 /* Debug */,
				7B163A481DACBAA400696280 /* Release */,
			);
			defaultConfigurationIsVisible = 0;
		};
		7B163A491DACBAA400696280 /* Build configuration list for PBXNativeTarget "HPAutoLayout_demoUITests" */ = {
			isa = XCConfigurationList;
			buildConfigurations = (
				7B163A4A1DACBAA400696280 /* Debug */,
				7B163A4B1DACBAA400696280 /* Release */,
			);
			defaultConfigurationIsVisible = 0;
		};
/* End XCConfigurationList section */
	};
	rootObject = 7B163A0E1DACBAA400696280 /* Project object */;
}
